// !$*UTF8*$!
{
	archiveVersion = 1;
	classes = {
	};
	objectVersion = 56;
	objects = {

/* Begin PBXBuildFile section */
		123359092AFA5D890006F5CA /* Company.swift in Sources */ = {isa = PBXBuildFile; fileRef = 123359082AFA5D890006F5CA /* Company.swift */; };
		1233590B2AFA5E730006F5CA /* CompanyViewModel.swift in Sources */ = {isa = PBXBuildFile; fileRef = 1233590A2AFA5E730006F5CA /* CompanyViewModel.swift */; };
		124DFE532AFD0218007FEFEE /* WebService.swift in Sources */ = {isa = PBXBuildFile; fileRef = 124DFE522AFD0218007FEFEE /* WebService.swift */; };
		1274271D2B013E9E00E82BAA /* RxCocoa in Frameworks */ = {isa = PBXBuildFile; productRef = 1274271C2B013E9E00E82BAA /* RxCocoa */; };
		127427252B013E9E00E82BAA /* RxSwift in Frameworks */ = {isa = PBXBuildFile; productRef = 127427242B013E9E00E82BAA /* RxSwift */; };
		1280A3DD2AF7DCA3007BD23A /* CompanyTableViewCell.swift in Sources */ = {isa = PBXBuildFile; fileRef = 1280A3DC2AF7DCA3007BD23A /* CompanyTableViewCell.swift */; };
		1280A3DF2AF7DCFE007BD23A /* CompaniesTableViewController.swift in Sources */ = {isa = PBXBuildFile; fileRef = 1280A3DE2AF7DCFE007BD23A /* CompaniesTableViewController.swift */; };
		1280A3E22AF7DF39007BD23A /* Extensions.swift in Sources */ = {isa = PBXBuildFile; fileRef = 1280A3E12AF7DF39007BD23A /* Extensions.swift */; };
		128538602AF38F1700A45783 /* SettingsTableViewController.swift in Sources */ = {isa = PBXBuildFile; fileRef = 1285385F2AF38F1700A45783 /* SettingsTableViewController.swift */; };
		128E395B2AE9901F004D923C /* GoogleService-Info.plist in Resources */ = {isa = PBXBuildFile; fileRef = 128E395A2AE9901E004D923C /* GoogleService-Info.plist */; };
		128E395D2AE9948D004D923C /* User.swift in Sources */ = {isa = PBXBuildFile; fileRef = 128E395C2AE9948D004D923C /* User.swift */; };
		128E39632AE997F1004D923C /* FirebaseUserListener.swift in Sources */ = {isa = PBXBuildFile; fileRef = 128E39622AE997F1004D923C /* FirebaseUserListener.swift */; };
		12A4611E2AEA59F600FE6CE8 /* Constants.swift in Sources */ = {isa = PBXBuildFile; fileRef = 12A4611D2AEA59F600FE6CE8 /* Constants.swift */; };
		12B46D3C2AC462B100A61184 /* AppDelegate.swift in Sources */ = {isa = PBXBuildFile; fileRef = 12B46D3B2AC462B100A61184 /* AppDelegate.swift */; };
		12B46D3E2AC462B100A61184 /* SceneDelegate.swift in Sources */ = {isa = PBXBuildFile; fileRef = 12B46D3D2AC462B100A61184 /* SceneDelegate.swift */; };
		12B46D402AC462B100A61184 /* LoginViewController.swift in Sources */ = {isa = PBXBuildFile; fileRef = 12B46D3F2AC462B100A61184 /* LoginViewController.swift */; };
		12B46D432AC462B100A61184 /* Main.storyboard in Resources */ = {isa = PBXBuildFile; fileRef = 12B46D412AC462B100A61184 /* Main.storyboard */; };
		12B46D452AC462B300A61184 /* Assets.xcassets in Resources */ = {isa = PBXBuildFile; fileRef = 12B46D442AC462B300A61184 /* Assets.xcassets */; };
		12B46D482AC462B300A61184 /* LaunchScreen.storyboard in Resources */ = {isa = PBXBuildFile; fileRef = 12B46D462AC462B300A61184 /* LaunchScreen.storyboard */; };
		12B46D532AC462B300A61184 /* Bir_EsnafTests.swift in Sources */ = {isa = PBXBuildFile; fileRef = 12B46D522AC462B300A61184 /* Bir_EsnafTests.swift */; };
		12B46D5D2AC462B300A61184 /* Bir_EsnafUITests.swift in Sources */ = {isa = PBXBuildFile; fileRef = 12B46D5C2AC462B300A61184 /* Bir_EsnafUITests.swift */; };
		12B46D5F2AC462B300A61184 /* Bir_EsnafUITestsLaunchTests.swift in Sources */ = {isa = PBXBuildFile; fileRef = 12B46D5E2AC462B300A61184 /* Bir_EsnafUITestsLaunchTests.swift */; };
		12F8A4512AF18C2900022420 /* FCollectionReference.swift in Sources */ = {isa = PBXBuildFile; fileRef = 12F8A4502AF18C2900022420 /* FCollectionReference.swift */; };
		12F8A4562AF192B300022420 /* ProgressHUD in Frameworks */ = {isa = PBXBuildFile; productRef = 12F8A4552AF192B300022420 /* ProgressHUD */; };
		824893E5A42E4FE59390EE5A /* Pods_Bir_Esnaf.framework in Frameworks */ = {isa = PBXBuildFile; fileRef = 0D99D4CAE61612A082D20725 /* Pods_Bir_Esnaf.framework */; };
		E1E2BEC3886EF9FB605B2BDD /* Pods_Bir_Esnaf_Bir_EsnafUITests.framework in Frameworks */ = {isa = PBXBuildFile; fileRef = 7FB5514F76912CA5FDF1FD5A /* Pods_Bir_Esnaf_Bir_EsnafUITests.framework */; };
		E81A5CB506D8EF53487B66F3 /* Pods_Bir_EsnafTests.framework in Frameworks */ = {isa = PBXBuildFile; fileRef = 0676AD526EEAAC18E1DA6070 /* Pods_Bir_EsnafTests.framework */; };
/* End PBXBuildFile section */

/* Begin PBXContainerItemProxy section */
		12B46D4F2AC462B300A61184 /* PBXContainerItemProxy */ = {
			isa = PBXContainerItemProxy;
			containerPortal = 12B46D302AC462B100A61184 /* Project object */;
			proxyType = 1;
			remoteGlobalIDString = 12B46D372AC462B100A61184;
			remoteInfo = "Bir Esnaf";
		};
		12B46D592AC462B300A61184 /* PBXContainerItemProxy */ = {
			isa = PBXContainerItemProxy;
			containerPortal = 12B46D302AC462B100A61184 /* Project object */;
			proxyType = 1;
			remoteGlobalIDString = 12B46D372AC462B100A61184;
			remoteInfo = "Bir Esnaf";
		};
/* End PBXContainerItemProxy section */

/* Begin PBXFileReference section */
		0449A1A5841F9D392CA45DA3 /* Pods-Bir Esnaf.release.xcconfig */ = {isa = PBXFileReference; includeInIndex = 1; lastKnownFileType = text.xcconfig; name = "Pods-Bir Esnaf.release.xcconfig"; path = "Target Support Files/Pods-Bir Esnaf/Pods-Bir Esnaf.release.xcconfig"; sourceTree = "<group>"; };
		0676AD526EEAAC18E1DA6070 /* Pods_Bir_EsnafTests.framework */ = {isa = PBXFileReference; explicitFileType = wrapper.framework; includeInIndex = 0; path = Pods_Bir_EsnafTests.framework; sourceTree = BUILT_PRODUCTS_DIR; };
		0D99D4CAE61612A082D20725 /* Pods_Bir_Esnaf.framework */ = {isa = PBXFileReference; explicitFileType = wrapper.framework; includeInIndex = 0; path = Pods_Bir_Esnaf.framework; sourceTree = BUILT_PRODUCTS_DIR; };
		123359082AFA5D890006F5CA /* Company.swift */ = {isa = PBXFileReference; lastKnownFileType = sourcecode.swift; path = Company.swift; sourceTree = "<group>"; };
		1233590A2AFA5E730006F5CA /* CompanyViewModel.swift */ = {isa = PBXFileReference; lastKnownFileType = sourcecode.swift; path = CompanyViewModel.swift; sourceTree = "<group>"; };
		124DFE522AFD0218007FEFEE /* WebService.swift */ = {isa = PBXFileReference; lastKnownFileType = sourcecode.swift; path = WebService.swift; sourceTree = "<group>"; };
		1280A3DC2AF7DCA3007BD23A /* CompanyTableViewCell.swift */ = {isa = PBXFileReference; lastKnownFileType = sourcecode.swift; path = CompanyTableViewCell.swift; sourceTree = "<group>"; };
		1280A3DE2AF7DCFE007BD23A /* CompaniesTableViewController.swift */ = {isa = PBXFileReference; lastKnownFileType = sourcecode.swift; path = CompaniesTableViewController.swift; sourceTree = "<group>"; };
		1280A3E12AF7DF39007BD23A /* Extensions.swift */ = {isa = PBXFileReference; lastKnownFileType = sourcecode.swift; path = Extensions.swift; sourceTree = "<group>"; };
		1285385F2AF38F1700A45783 /* SettingsTableViewController.swift */ = {isa = PBXFileReference; lastKnownFileType = sourcecode.swift; path = SettingsTableViewController.swift; sourceTree = "<group>"; };
		128E395A2AE9901E004D923C /* GoogleService-Info.plist */ = {isa = PBXFileReference; fileEncoding = 4; lastKnownFileType = text.plist.xml; path = "GoogleService-Info.plist"; sourceTree = "<group>"; };
		128E395C2AE9948D004D923C /* User.swift */ = {isa = PBXFileReference; lastKnownFileType = sourcecode.swift; path = User.swift; sourceTree = "<group>"; };
		128E39622AE997F1004D923C /* FirebaseUserListener.swift */ = {isa = PBXFileReference; lastKnownFileType = sourcecode.swift; path = FirebaseUserListener.swift; sourceTree = "<group>"; };
		12A4611D2AEA59F600FE6CE8 /* Constants.swift */ = {isa = PBXFileReference; lastKnownFileType = sourcecode.swift; path = Constants.swift; sourceTree = "<group>"; };
		12B46D382AC462B100A61184 /* Bir Esnaf.app */ = {isa = PBXFileReference; explicitFileType = wrapper.application; includeInIndex = 0; path = "Bir Esnaf.app"; sourceTree = BUILT_PRODUCTS_DIR; };
		12B46D3B2AC462B100A61184 /* AppDelegate.swift */ = {isa = PBXFileReference; lastKnownFileType = sourcecode.swift; path = AppDelegate.swift; sourceTree = "<group>"; };
		12B46D3D2AC462B100A61184 /* SceneDelegate.swift */ = {isa = PBXFileReference; lastKnownFileType = sourcecode.swift; path = SceneDelegate.swift; sourceTree = "<group>"; };
		12B46D3F2AC462B100A61184 /* LoginViewController.swift */ = {isa = PBXFileReference; lastKnownFileType = sourcecode.swift; path = LoginViewController.swift; sourceTree = "<group>"; };
		12B46D422AC462B100A61184 /* Base */ = {isa = PBXFileReference; lastKnownFileType = file.storyboard; name = Base; path = Base.lproj/Main.storyboard; sourceTree = "<group>"; };
		12B46D442AC462B300A61184 /* Assets.xcassets */ = {isa = PBXFileReference; lastKnownFileType = folder.assetcatalog; path = Assets.xcassets; sourceTree = "<group>"; };
		12B46D472AC462B300A61184 /* Base */ = {isa = PBXFileReference; lastKnownFileType = file.storyboard; name = Base; path = Base.lproj/LaunchScreen.storyboard; sourceTree = "<group>"; };
		12B46D492AC462B300A61184 /* Info.plist */ = {isa = PBXFileReference; lastKnownFileType = text.plist.xml; path = Info.plist; sourceTree = "<group>"; };
		12B46D4E2AC462B300A61184 /* Bir EsnafTests.xctest */ = {isa = PBXFileReference; explicitFileType = wrapper.cfbundle; includeInIndex = 0; path = "Bir EsnafTests.xctest"; sourceTree = BUILT_PRODUCTS_DIR; };
		12B46D522AC462B300A61184 /* Bir_EsnafTests.swift */ = {isa = PBXFileReference; lastKnownFileType = sourcecode.swift; path = Bir_EsnafTests.swift; sourceTree = "<group>"; };
		12B46D582AC462B300A61184 /* Bir EsnafUITests.xctest */ = {isa = PBXFileReference; explicitFileType = wrapper.cfbundle; includeInIndex = 0; path = "Bir EsnafUITests.xctest"; sourceTree = BUILT_PRODUCTS_DIR; };
		12B46D5C2AC462B300A61184 /* Bir_EsnafUITests.swift */ = {isa = PBXFileReference; lastKnownFileType = sourcecode.swift; path = Bir_EsnafUITests.swift; sourceTree = "<group>"; };
		12B46D5E2AC462B300A61184 /* Bir_EsnafUITestsLaunchTests.swift */ = {isa = PBXFileReference; lastKnownFileType = sourcecode.swift; path = Bir_EsnafUITestsLaunchTests.swift; sourceTree = "<group>"; };
		12F8A4502AF18C2900022420 /* FCollectionReference.swift */ = {isa = PBXFileReference; lastKnownFileType = sourcecode.swift; path = FCollectionReference.swift; sourceTree = "<group>"; };
		214BF27785371C4999241E74 /* Pods-Bir Esnaf.debug.xcconfig */ = {isa = PBXFileReference; includeInIndex = 1; lastKnownFileType = text.xcconfig; name = "Pods-Bir Esnaf.debug.xcconfig"; path = "Target Support Files/Pods-Bir Esnaf/Pods-Bir Esnaf.debug.xcconfig"; sourceTree = "<group>"; };
		35F7276FADEE32F9FFE80D70 /* Pods-Bir EsnafTests.debug.xcconfig */ = {isa = PBXFileReference; includeInIndex = 1; lastKnownFileType = text.xcconfig; name = "Pods-Bir EsnafTests.debug.xcconfig"; path = "Target Support Files/Pods-Bir EsnafTests/Pods-Bir EsnafTests.debug.xcconfig"; sourceTree = "<group>"; };
		7FB5514F76912CA5FDF1FD5A /* Pods_Bir_Esnaf_Bir_EsnafUITests.framework */ = {isa = PBXFileReference; explicitFileType = wrapper.framework; includeInIndex = 0; path = Pods_Bir_Esnaf_Bir_EsnafUITests.framework; sourceTree = BUILT_PRODUCTS_DIR; };
		97B941031949C1302B5E1A55 /* Pods-Bir Esnaf-Bir EsnafUITests.debug.xcconfig */ = {isa = PBXFileReference; includeInIndex = 1; lastKnownFileType = text.xcconfig; name = "Pods-Bir Esnaf-Bir EsnafUITests.debug.xcconfig"; path = "Target Support Files/Pods-Bir Esnaf-Bir EsnafUITests/Pods-Bir Esnaf-Bir EsnafUITests.debug.xcconfig"; sourceTree = "<group>"; };
		EA52477F7EBAC7F59B1DF290 /* Pods-Bir EsnafTests.release.xcconfig */ = {isa = PBXFileReference; includeInIndex = 1; lastKnownFileType = text.xcconfig; name = "Pods-Bir EsnafTests.release.xcconfig"; path = "Target Support Files/Pods-Bir EsnafTests/Pods-Bir EsnafTests.release.xcconfig"; sourceTree = "<group>"; };
		FF2D9FF25EBB836E970B2E44 /* Pods-Bir Esnaf-Bir EsnafUITests.release.xcconfig */ = {isa = PBXFileReference; includeInIndex = 1; lastKnownFileType = text.xcconfig; name = "Pods-Bir Esnaf-Bir EsnafUITests.release.xcconfig"; path = "Target Support Files/Pods-Bir Esnaf-Bir EsnafUITests/Pods-Bir Esnaf-Bir EsnafUITests.release.xcconfig"; sourceTree = "<group>"; };
/* End PBXFileReference section */

/* Begin PBXFrameworksBuildPhase section */
		12B46D352AC462B100A61184 /* Frameworks */ = {
			isa = PBXFrameworksBuildPhase;
			buildActionMask = 2147483647;
			files = (
				127427252B013E9E00E82BAA /* RxSwift in Frameworks */,
				824893E5A42E4FE59390EE5A /* Pods_Bir_Esnaf.framework in Frameworks */,
				1274271D2B013E9E00E82BAA /* RxCocoa in Frameworks */,
				12F8A4562AF192B300022420 /* ProgressHUD in Frameworks */,
			);
			runOnlyForDeploymentPostprocessing = 0;
		};
		12B46D4B2AC462B300A61184 /* Frameworks */ = {
			isa = PBXFrameworksBuildPhase;
			buildActionMask = 2147483647;
			files = (
				E81A5CB506D8EF53487B66F3 /* Pods_Bir_EsnafTests.framework in Frameworks */,
			);
			runOnlyForDeploymentPostprocessing = 0;
		};
		12B46D552AC462B300A61184 /* Frameworks */ = {
			isa = PBXFrameworksBuildPhase;
			buildActionMask = 2147483647;
			files = (
				E1E2BEC3886EF9FB605B2BDD /* Pods_Bir_Esnaf_Bir_EsnafUITests.framework in Frameworks */,
			);
			runOnlyForDeploymentPostprocessing = 0;
		};
/* End PBXFrameworksBuildPhase section */

/* Begin PBXGroup section */
		00D6F0C97D6956A545DCCFD5 /* Pods */ = {
			isa = PBXGroup;
			children = (
				214BF27785371C4999241E74 /* Pods-Bir Esnaf.debug.xcconfig */,
				0449A1A5841F9D392CA45DA3 /* Pods-Bir Esnaf.release.xcconfig */,
				97B941031949C1302B5E1A55 /* Pods-Bir Esnaf-Bir EsnafUITests.debug.xcconfig */,
				FF2D9FF25EBB836E970B2E44 /* Pods-Bir Esnaf-Bir EsnafUITests.release.xcconfig */,
				35F7276FADEE32F9FFE80D70 /* Pods-Bir EsnafTests.debug.xcconfig */,
				EA52477F7EBAC7F59B1DF290 /* Pods-Bir EsnafTests.release.xcconfig */,
			);
			path = Pods;
			sourceTree = "<group>";
		};
		011B5137C04AFE0EE8051FD6 /* Frameworks */ = {
			isa = PBXGroup;
			children = (
				0D99D4CAE61612A082D20725 /* Pods_Bir_Esnaf.framework */,
				7FB5514F76912CA5FDF1FD5A /* Pods_Bir_Esnaf_Bir_EsnafUITests.framework */,
				0676AD526EEAAC18E1DA6070 /* Pods_Bir_EsnafTests.framework */,
			);
			name = Frameworks;
			sourceTree = "<group>";
		};
		1280A3E02AF7DF19007BD23A /* Helpers */ = {
			isa = PBXGroup;
			children = (
				12A4611D2AEA59F600FE6CE8 /* Constants.swift */,
				1280A3E12AF7DF39007BD23A /* Extensions.swift */,
			);
			path = Helpers;
			sourceTree = "<group>";
		};
		128E395E2AE99492004D923C /* Model */ = {
			isa = PBXGroup;
			children = (
				128E395C2AE9948D004D923C /* User.swift */,
				123359082AFA5D890006F5CA /* Company.swift */,
			);
			path = Model;
			sourceTree = "<group>";
		};
		128E395F2AE994AA004D923C /* View */ = {
			isa = PBXGroup;
			children = (
				12B46D3F2AC462B100A61184 /* LoginViewController.swift */,
				1285385F2AF38F1700A45783 /* SettingsTableViewController.swift */,
			);
			path = View;
			sourceTree = "<group>";
		};
		128E39602AE994D8004D923C /* ViewModel */ = {
			isa = PBXGroup;
			children = (
				1233590A2AFA5E730006F5CA /* CompanyViewModel.swift */,
			);
			path = ViewModel;
			sourceTree = "<group>";
		};
		128E39612AE994F1004D923C /* Service */ = {
			isa = PBXGroup;
			children = (
				124DFE522AFD0218007FEFEE /* WebService.swift */,
			);
			path = Service;
			sourceTree = "<group>";
		};
		12B46D2F2AC462B100A61184 = {
			isa = PBXGroup;
			children = (
				12B46D3A2AC462B100A61184 /* Bir Esnaf */,
				12B46D512AC462B300A61184 /* Bir EsnafTests */,
				12B46D5B2AC462B300A61184 /* Bir EsnafUITests */,
				12B46D392AC462B100A61184 /* Products */,
				00D6F0C97D6956A545DCCFD5 /* Pods */,
				011B5137C04AFE0EE8051FD6 /* Frameworks */,
			);
			sourceTree = "<group>";
		};
		12B46D392AC462B100A61184 /* Products */ = {
			isa = PBXGroup;
			children = (
				12B46D382AC462B100A61184 /* Bir Esnaf.app */,
				12B46D4E2AC462B300A61184 /* Bir EsnafTests.xctest */,
				12B46D582AC462B300A61184 /* Bir EsnafUITests.xctest */,
			);
			name = Products;
			sourceTree = "<group>";
		};
		12B46D3A2AC462B100A61184 /* Bir Esnaf */ = {
			isa = PBXGroup;
			children = (
				12B46D3B2AC462B100A61184 /* AppDelegate.swift */,
				12B46D3D2AC462B100A61184 /* SceneDelegate.swift */,
				128E39612AE994F1004D923C /* Service */,
				12F8A4522AF18E6500022420 /* FirebaseHelpers */,
				128E395E2AE99492004D923C /* Model */,
				128E39602AE994D8004D923C /* ViewModel */,
				128E395F2AE994AA004D923C /* View */,
				12B46D412AC462B100A61184 /* Main.storyboard */,
				12B46D442AC462B300A61184 /* Assets.xcassets */,
				12B46D462AC462B300A61184 /* LaunchScreen.storyboard */,
				12B46D492AC462B300A61184 /* Info.plist */,
				128E395A2AE9901E004D923C /* GoogleService-Info.plist */,
				1280A3E02AF7DF19007BD23A /* Helpers */,
				1280A3DC2AF7DCA3007BD23A /* CompanyTableViewCell.swift */,
				1280A3DE2AF7DCFE007BD23A /* CompaniesTableViewController.swift */,
			);
			path = "Bir Esnaf";
			sourceTree = "<group>";
		};
		12B46D512AC462B300A61184 /* Bir EsnafTests */ = {
			isa = PBXGroup;
			children = (
				12B46D522AC462B300A61184 /* Bir_EsnafTests.swift */,
			);
			path = "Bir EsnafTests";
			sourceTree = "<group>";
		};
		12B46D5B2AC462B300A61184 /* Bir EsnafUITests */ = {
			isa = PBXGroup;
			children = (
				12B46D5C2AC462B300A61184 /* Bir_EsnafUITests.swift */,
				12B46D5E2AC462B300A61184 /* Bir_EsnafUITestsLaunchTests.swift */,
			);
			path = "Bir EsnafUITests";
			sourceTree = "<group>";
		};
		12F8A4522AF18E6500022420 /* FirebaseHelpers */ = {
			isa = PBXGroup;
			children = (
				128E39622AE997F1004D923C /* FirebaseUserListener.swift */,
				12F8A4502AF18C2900022420 /* FCollectionReference.swift */,
			);
			path = FirebaseHelpers;
			sourceTree = "<group>";
		};
/* End PBXGroup section */

/* Begin PBXNativeTarget section */
		12B46D372AC462B100A61184 /* Bir Esnaf */ = {
			isa = PBXNativeTarget;
			buildConfigurationList = 12B46D622AC462B300A61184 /* Build configuration list for PBXNativeTarget "Bir Esnaf" */;
			buildPhases = (
				7F39FB7BA58AA2B108E54D4F /* [CP] Check Pods Manifest.lock */,
				12B46D342AC462B100A61184 /* Sources */,
				12B46D352AC462B100A61184 /* Frameworks */,
				12B46D362AC462B100A61184 /* Resources */,
				988F0033A3A45FA7EC356ACD /* [CP] Embed Pods Frameworks */,
			);
			buildRules = (
			);
			dependencies = (
			);
			name = "Bir Esnaf";
			packageProductDependencies = (
				12F8A4552AF192B300022420 /* ProgressHUD */,
				1274271C2B013E9E00E82BAA /* RxCocoa */,
				127427242B013E9E00E82BAA /* RxSwift */,
			);
			productName = "Bir Esnaf";
			productReference = 12B46D382AC462B100A61184 /* Bir Esnaf.app */;
			productType = "com.apple.product-type.application";
		};
		12B46D4D2AC462B300A61184 /* Bir EsnafTests */ = {
			isa = PBXNativeTarget;
			buildConfigurationList = 12B46D652AC462B300A61184 /* Build configuration list for PBXNativeTarget "Bir EsnafTests" */;
			buildPhases = (
				C45D82020C8D7FCDBAC02F1D /* [CP] Check Pods Manifest.lock */,
				12B46D4A2AC462B300A61184 /* Sources */,
				12B46D4B2AC462B300A61184 /* Frameworks */,
				12B46D4C2AC462B300A61184 /* Resources */,
			);
			buildRules = (
			);
			dependencies = (
				12B46D502AC462B300A61184 /* PBXTargetDependency */,
			);
			name = "Bir EsnafTests";
			productName = "Bir EsnafTests";
			productReference = 12B46D4E2AC462B300A61184 /* Bir EsnafTests.xctest */;
			productType = "com.apple.product-type.bundle.unit-test";
		};
		12B46D572AC462B300A61184 /* Bir EsnafUITests */ = {
			isa = PBXNativeTarget;
			buildConfigurationList = 12B46D682AC462B300A61184 /* Build configuration list for PBXNativeTarget "Bir EsnafUITests" */;
			buildPhases = (
				14E8383374362D87D8A88A08 /* [CP] Check Pods Manifest.lock */,
				12B46D542AC462B300A61184 /* Sources */,
				12B46D552AC462B300A61184 /* Frameworks */,
				12B46D562AC462B300A61184 /* Resources */,
				0510D176BDBE96024715792E /* [CP] Embed Pods Frameworks */,
			);
			buildRules = (
			);
			dependencies = (
				12B46D5A2AC462B300A61184 /* PBXTargetDependency */,
			);
			name = "Bir EsnafUITests";
			productName = "Bir EsnafUITests";
			productReference = 12B46D582AC462B300A61184 /* Bir EsnafUITests.xctest */;
			productType = "com.apple.product-type.bundle.ui-testing";
		};
/* End PBXNativeTarget section */

/* Begin PBXProject section */
		12B46D302AC462B100A61184 /* Project object */ = {
			isa = PBXProject;
			attributes = {
				BuildIndependentTargetsInParallel = 1;
				LastSwiftUpdateCheck = 1420;
				LastUpgradeCheck = 1420;
				TargetAttributes = {
					12B46D372AC462B100A61184 = {
						CreatedOnToolsVersion = 14.2;
					};
					12B46D4D2AC462B300A61184 = {
						CreatedOnToolsVersion = 14.2;
						TestTargetID = 12B46D372AC462B100A61184;
					};
					12B46D572AC462B300A61184 = {
						CreatedOnToolsVersion = 14.2;
						TestTargetID = 12B46D372AC462B100A61184;
					};
				};
			};
			buildConfigurationList = 12B46D332AC462B100A61184 /* Build configuration list for PBXProject "Bir Esnaf" */;
			compatibilityVersion = "Xcode 14.0";
			developmentRegion = en;
			hasScannedForEncodings = 0;
			knownRegions = (
				en,
				Base,
			);
			mainGroup = 12B46D2F2AC462B100A61184;
			packageReferences = (
				12F8A4542AF192B300022420 /* XCRemoteSwiftPackageReference "ProgressHUD" */,
				127C9A0B2AFD609500123624 /* XCRemoteSwiftPackageReference "RxSwift" */,
			);
			productRefGroup = 12B46D392AC462B100A61184 /* Products */;
			projectDirPath = "";
			projectRoot = "";
			targets = (
				12B46D372AC462B100A61184 /* Bir Esnaf */,
				12B46D4D2AC462B300A61184 /* Bir EsnafTests */,
				12B46D572AC462B300A61184 /* Bir EsnafUITests */,
			);
		};
/* End PBXProject section */

/* Begin PBXResourcesBuildPhase section */
		12B46D362AC462B100A61184 /* Resources */ = {
			isa = PBXResourcesBuildPhase;
			buildActionMask = 2147483647;
			files = (
				12B46D482AC462B300A61184 /* LaunchScreen.storyboard in Resources */,
				128E395B2AE9901F004D923C /* GoogleService-Info.plist in Resources */,
				12B46D452AC462B300A61184 /* Assets.xcassets in Resources */,
				12B46D432AC462B100A61184 /* Main.storyboard in Resources */,
			);
			runOnlyForDeploymentPostprocessing = 0;
		};
		12B46D4C2AC462B300A61184 /* Resources */ = {
			isa = PBXResourcesBuildPhase;
			buildActionMask = 2147483647;
			files = (
			);
			runOnlyForDeploymentPostprocessing = 0;
		};
		12B46D562AC462B300A61184 /* Resources */ = {
			isa = PBXResourcesBuildPhase;
			buildActionMask = 2147483647;
			files = (
			);
			runOnlyForDeploymentPostprocessing = 0;
		};
/* End PBXResourcesBuildPhase section */

/* Begin PBXShellScriptBuildPhase section */
		0510D176BDBE96024715792E /* [CP] Embed Pods Frameworks */ = {
			isa = PBXShellScriptBuildPhase;
			buildActionMask = 2147483647;
			files = (
			);
			inputFileListPaths = (
				"${PODS_ROOT}/Target Support Files/Pods-Bir Esnaf-Bir EsnafUITests/Pods-Bir Esnaf-Bir EsnafUITests-frameworks-${CONFIGURATION}-input-files.xcfilelist",
			);
			name = "[CP] Embed Pods Frameworks";
			outputFileListPaths = (
				"${PODS_ROOT}/Target Support Files/Pods-Bir Esnaf-Bir EsnafUITests/Pods-Bir Esnaf-Bir EsnafUITests-frameworks-${CONFIGURATION}-output-files.xcfilelist",
			);
			runOnlyForDeploymentPostprocessing = 0;
			shellPath = /bin/sh;
			shellScript = "\"${PODS_ROOT}/Target Support Files/Pods-Bir Esnaf-Bir EsnafUITests/Pods-Bir Esnaf-Bir EsnafUITests-frameworks.sh\"\n";
			showEnvVarsInLog = 0;
		};
		14E8383374362D87D8A88A08 /* [CP] Check Pods Manifest.lock */ = {
			isa = PBXShellScriptBuildPhase;
			buildActionMask = 2147483647;
			files = (
			);
			inputFileListPaths = (
			);
			inputPaths = (
				"${PODS_PODFILE_DIR_PATH}/Podfile.lock",
				"${PODS_ROOT}/Manifest.lock",
			);
			name = "[CP] Check Pods Manifest.lock";
			outputFileListPaths = (
			);
			outputPaths = (
				"$(DERIVED_FILE_DIR)/Pods-Bir Esnaf-Bir EsnafUITests-checkManifestLockResult.txt",
			);
			runOnlyForDeploymentPostprocessing = 0;
			shellPath = /bin/sh;
			shellScript = "diff \"${PODS_PODFILE_DIR_PATH}/Podfile.lock\" \"${PODS_ROOT}/Manifest.lock\" > /dev/null\nif [ $? != 0 ] ; then\n    # print error to STDERR\n    echo \"error: The sandbox is not in sync with the Podfile.lock. Run 'pod install' or update your CocoaPods installation.\" >&2\n    exit 1\nfi\n# This output is used by Xcode 'outputs' to avoid re-running this script phase.\necho \"SUCCESS\" > \"${SCRIPT_OUTPUT_FILE_0}\"\n";
			showEnvVarsInLog = 0;
		};
		7F39FB7BA58AA2B108E54D4F /* [CP] Check Pods Manifest.lock */ = {
			isa = PBXShellScriptBuildPhase;
			buildActionMask = 2147483647;
			files = (
			);
			inputFileListPaths = (
			);
			inputPaths = (
				"${PODS_PODFILE_DIR_PATH}/Podfile.lock",
				"${PODS_ROOT}/Manifest.lock",
			);
			name = "[CP] Check Pods Manifest.lock";
			outputFileListPaths = (
			);
			outputPaths = (
				"$(DERIVED_FILE_DIR)/Pods-Bir Esnaf-checkManifestLockResult.txt",
			);
			runOnlyForDeploymentPostprocessing = 0;
			shellPath = /bin/sh;
			shellScript = "diff \"${PODS_PODFILE_DIR_PATH}/Podfile.lock\" \"${PODS_ROOT}/Manifest.lock\" > /dev/null\nif [ $? != 0 ] ; then\n    # print error to STDERR\n    echo \"error: The sandbox is not in sync with the Podfile.lock. Run 'pod install' or update your CocoaPods installation.\" >&2\n    exit 1\nfi\n# This output is used by Xcode 'outputs' to avoid re-running this script phase.\necho \"SUCCESS\" > \"${SCRIPT_OUTPUT_FILE_0}\"\n";
			showEnvVarsInLog = 0;
		};
		988F0033A3A45FA7EC356ACD /* [CP] Embed Pods Frameworks */ = {
			isa = PBXShellScriptBuildPhase;
			buildActionMask = 2147483647;
			files = (
			);
			inputFileListPaths = (
				"${PODS_ROOT}/Target Support Files/Pods-Bir Esnaf/Pods-Bir Esnaf-frameworks-${CONFIGURATION}-input-files.xcfilelist",
			);
			name = "[CP] Embed Pods Frameworks";
			outputFileListPaths = (
				"${PODS_ROOT}/Target Support Files/Pods-Bir Esnaf/Pods-Bir Esnaf-frameworks-${CONFIGURATION}-output-files.xcfilelist",
			);
			runOnlyForDeploymentPostprocessing = 0;
			shellPath = /bin/sh;
			shellScript = "\"${PODS_ROOT}/Target Support Files/Pods-Bir Esnaf/Pods-Bir Esnaf-frameworks.sh\"\n";
			showEnvVarsInLog = 0;
		};
		C45D82020C8D7FCDBAC02F1D /* [CP] Check Pods Manifest.lock */ = {
			isa = PBXShellScriptBuildPhase;
			buildActionMask = 2147483647;
			files = (
			);
			inputFileListPaths = (
			);
			inputPaths = (
				"${PODS_PODFILE_DIR_PATH}/Podfile.lock",
				"${PODS_ROOT}/Manifest.lock",
			);
			name = "[CP] Check Pods Manifest.lock";
			outputFileListPaths = (
			);
			outputPaths = (
				"$(DERIVED_FILE_DIR)/Pods-Bir EsnafTests-checkManifestLockResult.txt",
			);
			runOnlyForDeploymentPostprocessing = 0;
			shellPath = /bin/sh;
			shellScript = "diff \"${PODS_PODFILE_DIR_PATH}/Podfile.lock\" \"${PODS_ROOT}/Manifest.lock\" > /dev/null\nif [ $? != 0 ] ; then\n    # print error to STDERR\n    echo \"error: The sandbox is not in sync with the Podfile.lock. Run 'pod install' or update your CocoaPods installation.\" >&2\n    exit 1\nfi\n# This output is used by Xcode 'outputs' to avoid re-running this script phase.\necho \"SUCCESS\" > \"${SCRIPT_OUTPUT_FILE_0}\"\n";
			showEnvVarsInLog = 0;
		};
/* End PBXShellScriptBuildPhase section */

/* Begin PBXSourcesBuildPhase section */
		12B46D342AC462B100A61184 /* Sources */ = {
			isa = PBXSourcesBuildPhase;
			buildActionMask = 2147483647;
			files = (
				128E395D2AE9948D004D923C /* User.swift in Sources */,
				1280A3DF2AF7DCFE007BD23A /* CompaniesTableViewController.swift in Sources */,
				12B46D402AC462B100A61184 /* LoginViewController.swift in Sources */,
				12B46D3C2AC462B100A61184 /* AppDelegate.swift in Sources */,
				1280A3DD2AF7DCA3007BD23A /* CompanyTableViewCell.swift in Sources */,
				1233590B2AFA5E730006F5CA /* CompanyViewModel.swift in Sources */,
				12B46D3E2AC462B100A61184 /* SceneDelegate.swift in Sources */,
				128538602AF38F1700A45783 /* SettingsTableViewController.swift in Sources */,
				128E39632AE997F1004D923C /* FirebaseUserListener.swift in Sources */,
				12F8A4512AF18C2900022420 /* FCollectionReference.swift in Sources */,
				124DFE532AFD0218007FEFEE /* WebService.swift in Sources */,
				1280A3E22AF7DF39007BD23A /* Extensions.swift in Sources */,
				12A4611E2AEA59F600FE6CE8 /* Constants.swift in Sources */,
				123359092AFA5D890006F5CA /* Company.swift in Sources */,
			);
			runOnlyForDeploymentPostprocessing = 0;
		};
		12B46D4A2AC462B300A61184 /* Sources */ = {
			isa = PBXSourcesBuildPhase;
			buildActionMask = 2147483647;
			files = (
				12B46D532AC462B300A61184 /* Bir_EsnafTests.swift in Sources */,
			);
			runOnlyForDeploymentPostprocessing = 0;
		};
		12B46D542AC462B300A61184 /* Sources */ = {
			isa = PBXSourcesBuildPhase;
			buildActionMask = 2147483647;
			files = (
				12B46D5F2AC462B300A61184 /* Bir_EsnafUITestsLaunchTests.swift in Sources */,
				12B46D5D2AC462B300A61184 /* Bir_EsnafUITests.swift in Sources */,
			);
			runOnlyForDeploymentPostprocessing = 0;
		};
/* End PBXSourcesBuildPhase section */

/* Begin PBXTargetDependency section */
		12B46D502AC462B300A61184 /* PBXTargetDependency */ = {
			isa = PBXTargetDependency;
			target = 12B46D372AC462B100A61184 /* Bir Esnaf */;
			targetProxy = 12B46D4F2AC462B300A61184 /* PBXContainerItemProxy */;
		};
		12B46D5A2AC462B300A61184 /* PBXTargetDependency */ = {
			isa = PBXTargetDependency;
			target = 12B46D372AC462B100A61184 /* Bir Esnaf */;
			targetProxy = 12B46D592AC462B300A61184 /* PBXContainerItemProxy */;
		};
/* End PBXTargetDependency section */

/* Begin PBXVariantGroup section */
		12B46D412AC462B100A61184 /* Main.storyboard */ = {
			isa = PBXVariantGroup;
			children = (
				12B46D422AC462B100A61184 /* Base */,
			);
			name = Main.storyboard;
			sourceTree = "<group>";
		};
		12B46D462AC462B300A61184 /* LaunchScreen.storyboard */ = {
			isa = PBXVariantGroup;
			children = (
				12B46D472AC462B300A61184 /* Base */,
			);
			name = LaunchScreen.storyboard;
			sourceTree = "<group>";
		};
/* End PBXVariantGroup section */

/* Begin XCBuildConfiguration section */
		12B46D602AC462B300A61184 /* Debug */ = {
			isa = XCBuildConfiguration;
			buildSettings = {
				ALWAYS_SEARCH_USER_PATHS = NO;
				CLANG_ANALYZER_NONNULL = YES;
				CLANG_ANALYZER_NUMBER_OBJECT_CONVERSION = YES_AGGRESSIVE;
				CLANG_CXX_LANGUAGE_STANDARD = "gnu++20";
				CLANG_ENABLE_MODULES = YES;
				CLANG_ENABLE_OBJC_ARC = YES;
				CLANG_ENABLE_OBJC_WEAK = YES;
				CLANG_WARN_BLOCK_CAPTURE_AUTORELEASING = YES;
				CLANG_WARN_BOOL_CONVERSION = YES;
				CLANG_WARN_COMMA = YES;
				CLANG_WARN_CONSTANT_CONVERSION = YES;
				CLANG_WARN_DEPRECATED_OBJC_IMPLEMENTATIONS = YES;
				CLANG_WARN_DIRECT_OBJC_ISA_USAGE = YES_ERROR;
				CLANG_WARN_DOCUMENTATION_COMMENTS = YES;
				CLANG_WARN_EMPTY_BODY = YES;
				CLANG_WARN_ENUM_CONVERSION = YES;
				CLANG_WARN_INFINITE_RECURSION = YES;
				CLANG_WARN_INT_CONVERSION = YES;
				CLANG_WARN_NON_LITERAL_NULL_CONVERSION = YES;
				CLANG_WARN_OBJC_IMPLICIT_RETAIN_SELF = YES;
				CLANG_WARN_OBJC_LITERAL_CONVERSION = YES;
				CLANG_WARN_OBJC_ROOT_CLASS = YES_ERROR;
				CLANG_WARN_QUOTED_INCLUDE_IN_FRAMEWORK_HEADER = YES;
				CLANG_WARN_RANGE_LOOP_ANALYSIS = YES;
				CLANG_WARN_STRICT_PROTOTYPES = YES;
				CLANG_WARN_SUSPICIOUS_MOVE = YES;
				CLANG_WARN_UNGUARDED_AVAILABILITY = YES_AGGRESSIVE;
				CLANG_WARN_UNREACHABLE_CODE = YES;
				CLANG_WARN__DUPLICATE_METHOD_MATCH = YES;
				COPY_PHASE_STRIP = NO;
				DEBUG_INFORMATION_FORMAT = dwarf;
				ENABLE_STRICT_OBJC_MSGSEND = YES;
				ENABLE_TESTABILITY = YES;
				GCC_C_LANGUAGE_STANDARD = gnu11;
				GCC_DYNAMIC_NO_PIC = NO;
				GCC_NO_COMMON_BLOCKS = YES;
				GCC_OPTIMIZATION_LEVEL = 0;
				GCC_PREPROCESSOR_DEFINITIONS = (
					"DEBUG=1",
					"$(inherited)",
				);
				GCC_WARN_64_TO_32_BIT_CONVERSION = YES;
				GCC_WARN_ABOUT_RETURN_TYPE = YES_ERROR;
				GCC_WARN_UNDECLARED_SELECTOR = YES;
				GCC_WARN_UNINITIALIZED_AUTOS = YES_AGGRESSIVE;
				GCC_WARN_UNUSED_FUNCTION = YES;
				GCC_WARN_UNUSED_VARIABLE = YES;
				IPHONEOS_DEPLOYMENT_TARGET = 16.2;
				MTL_ENABLE_DEBUG_INFO = INCLUDE_SOURCE;
				MTL_FAST_MATH = YES;
				ONLY_ACTIVE_ARCH = YES;
				SDKROOT = iphoneos;
				SWIFT_ACTIVE_COMPILATION_CONDITIONS = DEBUG;
				SWIFT_OPTIMIZATION_LEVEL = "-Onone";
			};
			name = Debug;
		};
		12B46D612AC462B300A61184 /* Release */ = {
			isa = XCBuildConfiguration;
			buildSettings = {
				ALWAYS_SEARCH_USER_PATHS = NO;
				CLANG_ANALYZER_NONNULL = YES;
				CLANG_ANALYZER_NUMBER_OBJECT_CONVERSION = YES_AGGRESSIVE;
				CLANG_CXX_LANGUAGE_STANDARD = "gnu++20";
				CLANG_ENABLE_MODULES = YES;
				CLANG_ENABLE_OBJC_ARC = YES;
				CLANG_ENABLE_OBJC_WEAK = YES;
				CLANG_WARN_BLOCK_CAPTURE_AUTORELEASING = YES;
				CLANG_WARN_BOOL_CONVERSION = YES;
				CLANG_WARN_COMMA = YES;
				CLANG_WARN_CONSTANT_CONVERSION = YES;
				CLANG_WARN_DEPRECATED_OBJC_IMPLEMENTATIONS = YES;
				CLANG_WARN_DIRECT_OBJC_ISA_USAGE = YES_ERROR;
				CLANG_WARN_DOCUMENTATION_COMMENTS = YES;
				CLANG_WARN_EMPTY_BODY = YES;
				CLANG_WARN_ENUM_CONVERSION = YES;
				CLANG_WARN_INFINITE_RECURSION = YES;
				CLANG_WARN_INT_CONVERSION = YES;
				CLANG_WARN_NON_LITERAL_NULL_CONVERSION = YES;
				CLANG_WARN_OBJC_IMPLICIT_RETAIN_SELF = YES;
				CLANG_WARN_OBJC_LITERAL_CONVERSION = YES;
				CLANG_WARN_OBJC_ROOT_CLASS = YES_ERROR;
				CLANG_WARN_QUOTED_INCLUDE_IN_FRAMEWORK_HEADER = YES;
				CLANG_WARN_RANGE_LOOP_ANALYSIS = YES;
				CLANG_WARN_STRICT_PROTOTYPES = YES;
				CLANG_WARN_SUSPICIOUS_MOVE = YES;
				CLANG_WARN_UNGUARDED_AVAILABILITY = YES_AGGRESSIVE;
				CLANG_WARN_UNREACHABLE_CODE = YES;
				CLANG_WARN__DUPLICATE_METHOD_MATCH = YES;
				COPY_PHASE_STRIP = NO;
				DEBUG_INFORMATION_FORMAT = "dwarf-with-dsym";
				ENABLE_NS_ASSERTIONS = NO;
				ENABLE_STRICT_OBJC_MSGSEND = YES;
				GCC_C_LANGUAGE_STANDARD = gnu11;
				GCC_NO_COMMON_BLOCKS = YES;
				GCC_WARN_64_TO_32_BIT_CONVERSION = YES;
				GCC_WARN_ABOUT_RETURN_TYPE = YES_ERROR;
				GCC_WARN_UNDECLARED_SELECTOR = YES;
				GCC_WARN_UNINITIALIZED_AUTOS = YES_AGGRESSIVE;
				GCC_WARN_UNUSED_FUNCTION = YES;
				GCC_WARN_UNUSED_VARIABLE = YES;
				IPHONEOS_DEPLOYMENT_TARGET = 16.2;
				MTL_ENABLE_DEBUG_INFO = NO;
				MTL_FAST_MATH = YES;
				SDKROOT = iphoneos;
				SWIFT_COMPILATION_MODE = wholemodule;
				SWIFT_OPTIMIZATION_LEVEL = "-O";
				VALIDATE_PRODUCT = YES;
			};
			name = Release;
		};
		12B46D632AC462B300A61184 /* Debug */ = {
			isa = XCBuildConfiguration;
			baseConfigurationReference = 214BF27785371C4999241E74 /* Pods-Bir Esnaf.debug.xcconfig */;
			buildSettings = {
				ASSETCATALOG_COMPILER_APPICON_NAME = AppIcon;
				ASSETCATALOG_COMPILER_GLOBAL_ACCENT_COLOR_NAME = AccentColor;
				CODE_SIGN_STYLE = Automatic;
				CURRENT_PROJECT_VERSION = 1;
				DEVELOPMENT_TEAM = CG2DGVAM4V;
				GENERATE_INFOPLIST_FILE = YES;
				INFOPLIST_FILE = "Bir Esnaf/Info.plist";
				INFOPLIST_KEY_UIApplicationSupportsIndirectInputEvents = YES;
				INFOPLIST_KEY_UILaunchStoryboardName = LaunchScreen;
				INFOPLIST_KEY_UIMainStoryboardFile = Main;
				INFOPLIST_KEY_UISupportedInterfaceOrientations_iPad = "UIInterfaceOrientationPortrait UIInterfaceOrientationPortraitUpsideDown UIInterfaceOrientationLandscapeLeft UIInterfaceOrientationLandscapeRight";
				INFOPLIST_KEY_UISupportedInterfaceOrientations_iPhone = "UIInterfaceOrientationPortrait UIInterfaceOrientationLandscapeLeft UIInterfaceOrientationLandscapeRight";
				LD_RUNPATH_SEARCH_PATHS = (
					"$(inherited)",
					"@executable_path/Frameworks",
				);
				MARKETING_VERSION = 1.0;
				PRODUCT_BUNDLE_IDENTIFIER = "com.seymarslan.Bir-Esnaf";
				PRODUCT_NAME = "$(TARGET_NAME)";
				SWIFT_EMIT_LOC_STRINGS = YES;
				SWIFT_VERSION = 5.0;
				TARGETED_DEVICE_FAMILY = "1,2";
			};
			name = Debug;
		};
		12B46D642AC462B300A61184 /* Release */ = {
			isa = XCBuildConfiguration;
			baseConfigurationReference = 0449A1A5841F9D392CA45DA3 /* Pods-Bir Esnaf.release.xcconfig */;
			buildSettings = {
				ASSETCATALOG_COMPILER_APPICON_NAME = AppIcon;
				ASSETCATALOG_COMPILER_GLOBAL_ACCENT_COLOR_NAME = AccentColor;
				CODE_SIGN_STYLE = Automatic;
				CURRENT_PROJECT_VERSION = 1;
				DEVELOPMENT_TEAM = CG2DGVAM4V;
				GENERATE_INFOPLIST_FILE = YES;
				INFOPLIST_FILE = "Bir Esnaf/Info.plist";
				INFOPLIST_KEY_UIApplicationSupportsIndirectInputEvents = YES;
				INFOPLIST_KEY_UILaunchStoryboardName = LaunchScreen;
				INFOPLIST_KEY_UIMainStoryboardFile = Main;
				INFOPLIST_KEY_UISupportedInterfaceOrientations_iPad = "UIInterfaceOrientationPortrait UIInterfaceOrientationPortraitUpsideDown UIInterfaceOrientationLandscapeLeft UIInterfaceOrientationLandscapeRight";
				INFOPLIST_KEY_UISupportedInterfaceOrientations_iPhone = "UIInterfaceOrientationPortrait UIInterfaceOrientationLandscapeLeft UIInterfaceOrientationLandscapeRight";
				LD_RUNPATH_SEARCH_PATHS = (
					"$(inherited)",
					"@executable_path/Frameworks",
				);
				MARKETING_VERSION = 1.0;
				PRODUCT_BUNDLE_IDENTIFIER = "com.seymarslan.Bir-Esnaf";
				PRODUCT_NAME = "$(TARGET_NAME)";
				SWIFT_EMIT_LOC_STRINGS = YES;
				SWIFT_VERSION = 5.0;
				TARGETED_DEVICE_FAMILY = "1,2";
			};
			name = Release;
		};
		12B46D662AC462B300A61184 /* Debug */ = {
			isa = XCBuildConfiguration;
			baseConfigurationReference = 35F7276FADEE32F9FFE80D70 /* Pods-Bir EsnafTests.debug.xcconfig */;
			buildSettings = {
				ALWAYS_EMBED_SWIFT_STANDARD_LIBRARIES = YES;
				BUNDLE_LOADER = "$(TEST_HOST)";
				CODE_SIGN_STYLE = Automatic;
				CURRENT_PROJECT_VERSION = 1;
				DEVELOPMENT_TEAM = CG2DGVAM4V;
				GENERATE_INFOPLIST_FILE = YES;
				IPHONEOS_DEPLOYMENT_TARGET = 16.2;
				MARKETING_VERSION = 1.0;
				PRODUCT_BUNDLE_IDENTIFIER = "com.seymarslan.Bir-EsnafTests";
				PRODUCT_NAME = "$(TARGET_NAME)";
				SWIFT_EMIT_LOC_STRINGS = NO;
				SWIFT_VERSION = 5.0;
				TARGETED_DEVICE_FAMILY = "1,2";
				TEST_HOST = "$(BUILT_PRODUCTS_DIR)/Bir Esnaf.app/$(BUNDLE_EXECUTABLE_FOLDER_PATH)/Bir Esnaf";
			};
			name = Debug;
		};
		12B46D672AC462B300A61184 /* Release */ = {
			isa = XCBuildConfiguration;
			baseConfigurationReference = EA52477F7EBAC7F59B1DF290 /* Pods-Bir EsnafTests.release.xcconfig */;
			buildSettings = {
				ALWAYS_EMBED_SWIFT_STANDARD_LIBRARIES = YES;
				BUNDLE_LOADER = "$(TEST_HOST)";
				CODE_SIGN_STYLE = Automatic;
				CURRENT_PROJECT_VERSION = 1;
				DEVELOPMENT_TEAM = CG2DGVAM4V;
				GENERATE_INFOPLIST_FILE = YES;
				IPHONEOS_DEPLOYMENT_TARGET = 16.2;
				MARKETING_VERSION = 1.0;
				PRODUCT_BUNDLE_IDENTIFIER = "com.seymarslan.Bir-EsnafTests";
				PRODUCT_NAME = "$(TARGET_NAME)";
				SWIFT_EMIT_LOC_STRINGS = NO;
				SWIFT_VERSION = 5.0;
				TARGETED_DEVICE_FAMILY = "1,2";
				TEST_HOST = "$(BUILT_PRODUCTS_DIR)/Bir Esnaf.app/$(BUNDLE_EXECUTABLE_FOLDER_PATH)/Bir Esnaf";
			};
			name = Release;
		};
		12B46D692AC462B300A61184 /* Debug */ = {
			isa = XCBuildConfiguration;
			baseConfigurationReference = 97B941031949C1302B5E1A55 /* Pods-Bir Esnaf-Bir EsnafUITests.debug.xcconfig */;
			buildSettings = {
				ALWAYS_EMBED_SWIFT_STANDARD_LIBRARIES = YES;
				CODE_SIGN_STYLE = Automatic;
				CURRENT_PROJECT_VERSION = 1;
				DEVELOPMENT_TEAM = CG2DGVAM4V;
				GENERATE_INFOPLIST_FILE = YES;
				MARKETING_VERSION = 1.0;
				PRODUCT_BUNDLE_IDENTIFIER = "com.seymarslan.Bir-EsnafUITests";
				PRODUCT_NAME = "$(TARGET_NAME)";
				SWIFT_EMIT_LOC_STRINGS = NO;
				SWIFT_VERSION = 5.0;
				TARGETED_DEVICE_FAMILY = "1,2";
				TEST_TARGET_NAME = "Bir Esnaf";
			};
			name = Debug;
		};
		12B46D6A2AC462B300A61184 /* Release */ = {
			isa = XCBuildConfiguration;
			baseConfigurationReference = FF2D9FF25EBB836E970B2E44 /* Pods-Bir Esnaf-Bir EsnafUITests.release.xcconfig */;
			buildSettings = {
				ALWAYS_EMBED_SWIFT_STANDARD_LIBRARIES = YES;
				CODE_SIGN_STYLE = Automatic;
				CURRENT_PROJECT_VERSION = 1;
				DEVELOPMENT_TEAM = CG2DGVAM4V;
				GENERATE_INFOPLIST_FILE = YES;
				MARKETING_VERSION = 1.0;
				PRODUCT_BUNDLE_IDENTIFIER = "com.seymarslan.Bir-EsnafUITests";
				PRODUCT_NAME = "$(TARGET_NAME)";
				SWIFT_EMIT_LOC_STRINGS = NO;
				SWIFT_VERSION = 5.0;
				TARGETED_DEVICE_FAMILY = "1,2";
				TEST_TARGET_NAME = "Bir Esnaf";
			};
			name = Release;
		};
/* End XCBuildConfiguration section */

/* Begin XCConfigurationList section */
		12B46D332AC462B100A61184 /* Build configuration list for PBXProject "Bir Esnaf" */ = {
			isa = XCConfigurationList;
			buildConfigurations = (
				12B46D602AC462B300A61184 /* Debug */,
				12B46D612AC462B300A61184 /* Release */,
			);
			defaultConfigurationIsVisible = 0;
			defaultConfigurationName = Release;
		};
		12B46D622AC462B300A61184 /* Build configuration list for PBXNativeTarget "Bir Esnaf" */ = {
			isa = XCConfigurationList;
			buildConfigurations = (
				12B46D632AC462B300A61184 /* Debug */,
				12B46D642AC462B300A61184 /* Release */,
			);
			defaultConfigurationIsVisible = 0;
			defaultConfigurationName = Release;
		};
		12B46D652AC462B300A61184 /* Build configuration list for PBXNativeTarget "Bir EsnafTests" */ = {
			isa = XCConfigurationList;
			buildConfigurations = (
				12B46D662AC462B300A61184 /* Debug */,
				12B46D672AC462B300A61184 /* Release */,
			);
			defaultConfigurationIsVisible = 0;
			defaultConfigurationName = Release;
		};
		12B46D682AC462B300A61184 /* Build configuration list for PBXNativeTarget "Bir EsnafUITests" */ = {
			isa = XCConfigurationList;
			buildConfigurations = (
				12B46D692AC462B300A61184 /* Debug */,
				12B46D6A2AC462B300A61184 /* Release */,
			);
			defaultConfigurationIsVisible = 0;
			defaultConfigurationName = Release;
		};
/* End XCConfigurationList section */

/* Begin XCRemoteSwiftPackageReference section */
		127C9A0B2AFD609500123624 /* XCRemoteSwiftPackageReference "RxSwift" */ = {
			isa = XCRemoteSwiftPackageReference;
			repositoryURL = "https://github.com/ReactiveX/RxSwift.git";
			requirement = {
				kind = upToNextMajorVersion;
				minimumVersion = 6.6.0;
			};
		};
		12F8A4542AF192B300022420 /* XCRemoteSwiftPackageReference "ProgressHUD" */ = {
			isa = XCRemoteSwiftPackageReference;
			repositoryURL = "https://github.com/relatedcode/ProgressHUD.git";
			requirement = {
				kind = upToNextMajorVersion;
				minimumVersion = 14.1.0;
			};
		};
/* End XCRemoteSwiftPackageReference section */

/* Begin XCSwiftPackageProductDependency section */
		1274271C2B013E9E00E82BAA /* RxCocoa */ = {
			isa = XCSwiftPackageProductDependency;
			package = 127C9A0B2AFD609500123624 /* XCRemoteSwiftPackageReference "RxSwift" */;
			productName = RxCocoa;
		};
		127427242B013E9E00E82BAA /* RxSwift */ = {
			isa = XCSwiftPackageProductDependency;
			package = 127C9A0B2AFD609500123624 /* XCRemoteSwiftPackageReference "RxSwift" */;
			productName = RxSwift;
		};
		12F8A4552AF192B300022420 /* ProgressHUD */ = {
			isa = XCSwiftPackageProductDependency;
			package = 12F8A4542AF192B300022420 /* XCRemoteSwiftPackageReference "ProgressHUD" */;
			productName = ProgressHUD;
		};
/* End XCSwiftPackageProductDependency section */
	};
	rootObject = 12B46D302AC462B100A61184 /* Project object */;
}
