// !$*UTF8*$!
{
	archiveVersion = 1;
	classes = {
	};
	objectVersion = 56;
	objects = {

/* Begin PBXBuildFile section */
		12B46D3C2AC462B100A61184 /* AppDelegate.swift in Sources */ = {isa = PBXBuildFile; fileRef = 12B46D3B2AC462B100A61184 /* AppDelegate.swift */; };
		12B46D3E2AC462B100A61184 /* SceneDelegate.swift in Sources */ = {isa = PBXBuildFile; fileRef = 12B46D3D2AC462B100A61184 /* SceneDelegate.swift */; };
		12B46D402AC462B100A61184 /* LoginViewController.swift in Sources */ = {isa = PBXBuildFile; fileRef = 12B46D3F2AC462B100A61184 /* LoginViewController.swift */; };
		12B46D432AC462B100A61184 /* Main.storyboard in Resources */ = {isa = PBXBuildFile; fileRef = 12B46D412AC462B100A61184 /* Main.storyboard */; };
		12B46D452AC462B300A61184 /* Assets.xcassets in Resources */ = {isa = PBXBuildFile; fileRef = 12B46D442AC462B300A61184 /* Assets.xcassets */; };
		12B46D482AC462B300A61184 /* LaunchScreen.storyboard in Resources */ = {isa = PBXBuildFile; fileRef = 12B46D462AC462B300A61184 /* LaunchScreen.storyboard */; };
		12B46D532AC462B300A61184 /* Bir_EsnafTests.swift in Sources */ = {isa = PBXBuildFile; fileRef = 12B46D522AC462B300A61184 /* Bir_EsnafTests.swift */; };
		12B46D5D2AC462B300A61184 /* Bir_EsnafUITests.swift in Sources */ = {isa = PBXBuildFile; fileRef = 12B46D5C2AC462B300A61184 /* Bir_EsnafUITests.swift */; };
		12B46D5F2AC462B300A61184 /* Bir_EsnafUITestsLaunchTests.swift in Sources */ = {isa = PBXBuildFile; fileRef = 12B46D5E2AC462B300A61184 /* Bir_EsnafUITestsLaunchTests.swift */; };
/* End PBXBuildFile section */

/* Begin PBXContainerItemProxy section */
		12B46D4F2AC462B300A61184 /* PBXContainerItemProxy */ = {
			isa = PBXContainerItemProxy;
			containerPortal = 12B46D302AC462B100A61184 /* Project object */;
			proxyType = 1;
			remoteGlobalIDString = 12B46D372AC462B100A61184;
			remoteInfo = "Bir Esnaf";
		};
		12B46D592AC462B300A61184 /* PBXContainerItemProxy */ = {
			isa = PBXContainerItemProxy;
			containerPortal = 12B46D302AC462B100A61184 /* Project object */;
			proxyType = 1;
			remoteGlobalIDString = 12B46D372AC462B100A61184;
			remoteInfo = "Bir Esnaf";
		};
/* End PBXContainerItemProxy section */

/* Begin PBXFileReference section */
		12B46D382AC462B100A61184 /* Bir Esnaf.app */ = {isa = PBXFileReference; explicitFileType = wrapper.application; includeInIndex = 0; path = "Bir Esnaf.app"; sourceTree = BUILT_PRODUCTS_DIR; };
		12B46D3B2AC462B100A61184 /* AppDelegate.swift */ = {isa = PBXFileReference; lastKnownFileType = sourcecode.swift; path = AppDelegate.swift; sourceTree = "<group>"; };
		12B46D3D2AC462B100A61184 /* SceneDelegate.swift */ = {isa = PBXFileReference; lastKnownFileType = sourcecode.swift; path = SceneDelegate.swift; sourceTree = "<group>"; };
		12B46D3F2AC462B100A61184 /* LoginViewController.swift */ = {isa = PBXFileReference; lastKnownFileType = sourcecode.swift; path = LoginViewController.swift; sourceTree = "<group>"; };
		12B46D422AC462B100A61184 /* Base */ = {isa = PBXFileReference; lastKnownFileType = file.storyboard; name = Base; path = Base.lproj/Main.storyboard; sourceTree = "<group>"; };
		12B46D442AC462B300A61184 /* Assets.xcassets */ = {isa = PBXFileReference; lastKnownFileType = folder.assetcatalog; path = Assets.xcassets; sourceTree = "<group>"; };
		12B46D472AC462B300A61184 /* Base */ = {isa = PBXFileReference; lastKnownFileType = file.storyboard; name = Base; path = Base.lproj/LaunchScreen.storyboard; sourceTree = "<group>"; };
		12B46D492AC462B300A61184 /* Info.plist */ = {isa = PBXFileReference; lastKnownFileType = text.plist.xml; path = Info.plist; sourceTree = "<group>"; };
		12B46D4E2AC462B300A61184 /* Bir EsnafTests.xctest */ = {isa = PBXFileReference; explicitFileType = wrapper.cfbundle; includeInIndex = 0; path = "Bir EsnafTests.xctest"; sourceTree = BUILT_PRODUCTS_DIR; };
		12B46D522AC462B300A61184 /* Bir_EsnafTests.swift */ = {isa = PBXFileReference; lastKnownFileType = sourcecode.swift; path = Bir_EsnafTests.swift; sourceTree = "<group>"; };
		12B46D582AC462B300A61184 /* Bir EsnafUITests.xctest */ = {isa = PBXFileReference; explicitFileType = wrapper.cfbundle; includeInIndex = 0; path = "Bir EsnafUITests.xctest"; sourceTree = BUILT_PRODUCTS_DIR; };
		12B46D5C2AC462B300A61184 /* Bir_EsnafUITests.swift */ = {isa = PBXFileReference; lastKnownFileType = sourcecode.swift; path = Bir_EsnafUITests.swift; sourceTree = "<group>"; };
		12B46D5E2AC462B300A61184 /* Bir_EsnafUITestsLaunchTests.swift */ = {isa = PBXFileReference; lastKnownFileType = sourcecode.swift; path = Bir_EsnafUITestsLaunchTests.swift; sourceTree = "<group>"; };
/* End PBXFileReference section */

/* Begin PBXFrameworksBuildPhase section */
		12B46D352AC462B100A61184 /* Frameworks */ = {
			isa = PBXFrameworksBuildPhase;
			buildActionMask = 2147483647;
			files = (
			);
			runOnlyForDeploymentPostprocessing = 0;
		};
		12B46D4B2AC462B300A61184 /* Frameworks */ = {
			isa = PBXFrameworksBuildPhase;
			buildActionMask = 2147483647;
			files = (
			);
			runOnlyForDeploymentPostprocessing = 0;
		};
		12B46D552AC462B300A61184 /* Frameworks */ = {
			isa = PBXFrameworksBuildPhase;
			buildActionMask = 2147483647;
			files = (
			);
			runOnlyForDeploymentPostprocessing = 0;
		};
/* End PBXFrameworksBuildPhase section */

/* Begin PBXGroup section */
		12B46D2F2AC462B100A61184 = {
			isa = PBXGroup;
			children = (
				12B46D3A2AC462B100A61184 /* Bir Esnaf */,
				12B46D512AC462B300A61184 /* Bir EsnafTests */,
				12B46D5B2AC462B300A61184 /* Bir EsnafUITests */,
				12B46D392AC462B100A61184 /* Products */,
			);
			sourceTree = "<group>";
		};
		12B46D392AC462B100A61184 /* Products */ = {
			isa = PBXGroup;
			children = (
				12B46D382AC462B100A61184 /* Bir Esnaf.app */,
				12B46D4E2AC462B300A61184 /* Bir EsnafTests.xctest */,
				12B46D582AC462B300A61184 /* Bir EsnafUITests.xctest */,
			);
			name = Products;
			sourceTree = "<group>";
		};
		12B46D3A2AC462B100A61184 /* Bir Esnaf */ = {
			isa = PBXGroup;
			children = (
				12B46D3B2AC462B100A61184 /* AppDelegate.swift */,
				12B46D3D2AC462B100A61184 /* SceneDelegate.swift */,
				12B46D3F2AC462B100A61184 /* LoginViewController.swift */,
				12B46D412AC462B100A61184 /* Main.storyboard */,
				12B46D442AC462B300A61184 /* Assets.xcassets */,
				12B46D462AC462B300A61184 /* LaunchScreen.storyboard */,
				12B46D492AC462B300A61184 /* Info.plist */,
			);
			path = "Bir Esnaf";
			sourceTree = "<group>";
		};
		12B46D512AC462B300A61184 /* Bir EsnafTests */ = {
			isa = PBXGroup;
			children = (
				12B46D522AC462B300A61184 /* Bir_EsnafTests.swift */,
			);
			path = "Bir EsnafTests";
			sourceTree = "<group>";
		};
		12B46D5B2AC462B300A61184 /* Bir EsnafUITests */ = {
			isa = PBXGroup;
			children = (
				12B46D5C2AC462B300A61184 /* Bir_EsnafUITests.swift */,
				12B46D5E2AC462B300A61184 /* Bir_EsnafUITestsLaunchTests.swift */,
			);
			path = "Bir EsnafUITests";
			sourceTree = "<group>";
		};
/* End PBXGroup section */

/* Begin PBXNativeTarget section */
		12B46D372AC462B100A61184 /* Bir Esnaf */ = {
			isa = PBXNativeTarget;
			buildConfigurationList = 12B46D622AC462B300A61184 /* Build configuration list for PBXNativeTarget "Bir Esnaf" */;
			buildPhases = (
				12B46D342AC462B100A61184 /* Sources */,
				12B46D352AC462B100A61184 /* Frameworks */,
				12B46D362AC462B100A61184 /* Resources */,
			);
			buildRules = (
			);
			dependencies = (
			);
			name = "Bir Esnaf";
			productName = "Bir Esnaf";
			productReference = 12B46D382AC462B100A61184 /* Bir Esnaf.app */;
			productType = "com.apple.product-type.application";
		};
		12B46D4D2AC462B300A61184 /* Bir EsnafTests */ = {
			isa = PBXNativeTarget;
			buildConfigurationList = 12B46D652AC462B300A61184 /* Build configuration list for PBXNativeTarget "Bir EsnafTests" */;
			buildPhases = (
				12B46D4A2AC462B300A61184 /* Sources */,
				12B46D4B2AC462B300A61184 /* Frameworks */,
				12B46D4C2AC462B300A61184 /* Resources */,
			);
			buildRules = (
			);
			dependencies = (
				12B46D502AC462B300A61184 /* PBXTargetDependency */,
			);
			name = "Bir EsnafTests";
			productName = "Bir EsnafTests";
			productReference = 12B46D4E2AC462B300A61184 /* Bir EsnafTests.xctest */;
			productType = "com.apple.product-type.bundle.unit-test";
		};
		12B46D572AC462B300A61184 /* Bir EsnafUITests */ = {
			isa = PBXNativeTarget;
			buildConfigurationList = 12B46D682AC462B300A61184 /* Build configuration list for PBXNativeTarget "Bir EsnafUITests" */;
			buildPhases = (
				12B46D542AC462B300A61184 /* Sources */,
				12B46D552AC462B300A61184 /* Frameworks */,
				12B46D562AC462B300A61184 /* Resources */,
			);
			buildRules = (
			);
			dependencies = (
				12B46D5A2AC462B300A61184 /* PBXTargetDependency */,
			);
			name = "Bir EsnafUITests";
			productName = "Bir EsnafUITests";
			productReference = 12B46D582AC462B300A61184 /* Bir EsnafUITests.xctest */;
			productType = "com.apple.product-type.bundle.ui-testing";
		};
/* End PBXNativeTarget section */

/* Begin PBXProject section */
		12B46D302AC462B100A61184 /* Project object */ = {
			isa = PBXProject;
			attributes = {
				BuildIndependentTargetsInParallel = 1;
				LastSwiftUpdateCheck = 1420;
				LastUpgradeCheck = 1420;
				TargetAttributes = {
					12B46D372AC462B100A61184 = {
						CreatedOnToolsVersion = 14.2;
					};
					12B46D4D2AC462B300A61184 = {
						CreatedOnToolsVersion = 14.2;
						TestTargetID = 12B46D372AC462B100A61184;
					};
					12B46D572AC462B300A61184 = {
						CreatedOnToolsVersion = 14.2;
						TestTargetID = 12B46D372AC462B100A61184;
					};
				};
			};
			buildConfigurationList = 12B46D332AC462B100A61184 /* Build configuration list for PBXProject "Bir Esnaf" */;
			compatibilityVersion = "Xcode 14.0";
			developmentRegion = en;
			hasScannedForEncodings = 0;
			knownRegions = (
				en,
				Base,
			);
			mainGroup = 12B46D2F2AC462B100A61184;
			productRefGroup = 12B46D392AC462B100A61184 /* Products */;
			projectDirPath = "";
			projectRoot = "";
			targets = (
				12B46D372AC462B100A61184 /* Bir Esnaf */,
				12B46D4D2AC462B300A61184 /* Bir EsnafTests */,
				12B46D572AC462B300A61184 /* Bir EsnafUITests */,
			);
		};
/* End PBXProject section */

/* Begin PBXResourcesBuildPhase section */
		12B46D362AC462B100A61184 /* Resources */ = {
			isa = PBXResourcesBuildPhase;
			buildActionMask = 2147483647;
			files = (
				12B46D482AC462B300A61184 /* LaunchScreen.storyboard in Resources */,
				12B46D452AC462B300A61184 /* Assets.xcassets in Resources */,
				12B46D432AC462B100A61184 /* Main.storyboard in Resources */,
			);
			runOnlyForDeploymentPostprocessing = 0;
		};
		12B46D4C2AC462B300A61184 /* Resources */ = {
			isa = PBXResourcesBuildPhase;
			buildActionMask = 2147483647;
			files = (
			);
			runOnlyForDeploymentPostprocessing = 0;
		};
		12B46D562AC462B300A61184 /* Resources */ = {
			isa = PBXResourcesBuildPhase;
			buildActionMask = 2147483647;
			files = (
			);
			runOnlyForDeploymentPostprocessing = 0;
		};
/* End PBXResourcesBuildPhase section */

/* Begin PBXSourcesBuildPhase section */
		12B46D342AC462B100A61184 /* Sources */ = {
			isa = PBXSourcesBuildPhase;
			buildActionMask = 2147483647;
			files = (
				12B46D402AC462B100A61184 /* LoginViewController.swift in Sources */,
				12B46D3C2AC462B100A61184 /* AppDelegate.swift in Sources */,
				12B46D3E2AC462B100A61184 /* SceneDelegate.swift in Sources */,
			);
			runOnlyForDeploymentPostprocessing = 0;
		};
		12B46D4A2AC462B300A61184 /* Sources */ = {
			isa = PBXSourcesBuildPhase;
			buildActionMask = 2147483647;
			files = (
				12B46D532AC462B300A61184 /* Bir_EsnafTests.swift in Sources */,
			);
			runOnlyForDeploymentPostprocessing = 0;
		};
		12B46D542AC462B300A61184 /* Sources */ = {
			isa = PBXSourcesBuildPhase;
			buildActionMask = 2147483647;
			files = (
				12B46D5F2AC462B300A61184 /* Bir_EsnafUITestsLaunchTests.swift in Sources */,
				12B46D5D2AC462B300A61184 /* Bir_EsnafUITests.swift in Sources */,
			);
			runOnlyForDeploymentPostprocessing = 0;
		};
/* End PBXSourcesBuildPhase section */

/* Begin PBXTargetDependency section */
		12B46D502AC462B300A61184 /* PBXTargetDependency */ = {
			isa = PBXTargetDependency;
			target = 12B46D372AC462B100A61184 /* Bir Esnaf */;
			targetProxy = 12B46D4F2AC462B300A61184 /* PBXContainerItemProxy */;
		};
		12B46D5A2AC462B300A61184 /* PBXTargetDependency */ = {
			isa = PBXTargetDependency;
			target = 12B46D372AC462B100A61184 /* Bir Esnaf */;
			targetProxy = 12B46D592AC462B300A61184 /* PBXContainerItemProxy */;
		};
/* End PBXTargetDependency section */

/* Begin PBXVariantGroup section */
		12B46D412AC462B100A61184 /* Main.storyboard */ = {
			isa = PBXVariantGroup;
			children = (
				12B46D422AC462B100A61184 /* Base */,
			);
			name = Main.storyboard;
			sourceTree = "<group>";
		};
		12B46D462AC462B300A61184 /* LaunchScreen.storyboard */ = {
			isa = PBXVariantGroup;
			children = (
				12B46D472AC462B300A61184 /* Base */,
			);
			name = LaunchScreen.storyboard;
			sourceTree = "<group>";
		};
/* End PBXVariantGroup section */

/* Begin XCBuildConfiguration section */
		12B46D602AC462B300A61184 /* Debug */ = {
			isa = XCBuildConfiguration;
			buildSettings = {
				ALWAYS_SEARCH_USER_PATHS = NO;
				CLANG_ANALYZER_NONNULL = YES;
				CLANG_ANALYZER_NUMBER_OBJECT_CONVERSION = YES_AGGRESSIVE;
				CLANG_CXX_LANGUAGE_STANDARD = "gnu++20";
				CLANG_ENABLE_MODULES = YES;
				CLANG_ENABLE_OBJC_ARC = YES;
				CLANG_ENABLE_OBJC_WEAK = YES;
				CLANG_WARN_BLOCK_CAPTURE_AUTORELEASING = YES;
				CLANG_WARN_BOOL_CONVERSION = YES;
				CLANG_WARN_COMMA = YES;
				CLANG_WARN_CONSTANT_CONVERSION = YES;
				CLANG_WARN_DEPRECATED_OBJC_IMPLEMENTATIONS = YES;
				CLANG_WARN_DIRECT_OBJC_ISA_USAGE = YES_ERROR;
				CLANG_WARN_DOCUMENTATION_COMMENTS = YES;
				CLANG_WARN_EMPTY_BODY = YES;
				CLANG_WARN_ENUM_CONVERSION = YES;
				CLANG_WARN_INFINITE_RECURSION = YES;
				CLANG_WARN_INT_CONVERSION = YES;
				CLANG_WARN_NON_LITERAL_NULL_CONVERSION = YES;
				CLANG_WARN_OBJC_IMPLICIT_RETAIN_SELF = YES;
				CLANG_WARN_OBJC_LITERAL_CONVERSION = YES;
				CLANG_WARN_OBJC_ROOT_CLASS = YES_ERROR;
				CLANG_WARN_QUOTED_INCLUDE_IN_FRAMEWORK_HEADER = YES;
				CLANG_WARN_RANGE_LOOP_ANALYSIS = YES;
				CLANG_WARN_STRICT_PROTOTYPES = YES;
				CLANG_WARN_SUSPICIOUS_MOVE = YES;
				CLANG_WARN_UNGUARDED_AVAILABILITY = YES_AGGRESSIVE;
				CLANG_WARN_UNREACHABLE_CODE = YES;
				CLANG_WARN__DUPLICATE_METHOD_MATCH = YES;
				COPY_PHASE_STRIP = NO;
				DEBUG_INFORMATION_FORMAT = dwarf;
				ENABLE_STRICT_OBJC_MSGSEND = YES;
				ENABLE_TESTABILITY = YES;
				GCC_C_LANGUAGE_STANDARD = gnu11;
				GCC_DYNAMIC_NO_PIC = NO;
				GCC_NO_COMMON_BLOCKS = YES;
				GCC_OPTIMIZATION_LEVEL = 0;
				GCC_PREPROCESSOR_DEFINITIONS = (
					"DEBUG=1",
					"$(inherited)",
				);
				GCC_WARN_64_TO_32_BIT_CONVERSION = YES;
				GCC_WARN_ABOUT_RETURN_TYPE = YES_ERROR;
				GCC_WARN_UNDECLARED_SELECTOR = YES;
				GCC_WARN_UNINITIALIZED_AUTOS = YES_AGGRESSIVE;
				GCC_WARN_UNUSED_FUNCTION = YES;
				GCC_WARN_UNUSED_VARIABLE = YES;
				IPHONEOS_DEPLOYMENT_TARGET = 16.2;
				MTL_ENABLE_DEBUG_INFO = INCLUDE_SOURCE;
				MTL_FAST_MATH = YES;
				ONLY_ACTIVE_ARCH = YES;
				SDKROOT = iphoneos;
				SWIFT_ACTIVE_COMPILATION_CONDITIONS = DEBUG;
				SWIFT_OPTIMIZATION_LEVEL = "-Onone";
			};
			name = Debug;
		};
		12B46D612AC462B300A61184 /* Release */ = {
			isa = XCBuildConfiguration;
			buildSettings = {
				ALWAYS_SEARCH_USER_PATHS = NO;
				CLANG_ANALYZER_NONNULL = YES;
				CLANG_ANALYZER_NUMBER_OBJECT_CONVERSION = YES_AGGRESSIVE;
				CLANG_CXX_LANGUAGE_STANDARD = "gnu++20";
				CLANG_ENABLE_MODULES = YES;
				CLANG_ENABLE_OBJC_ARC = YES;
				CLANG_ENABLE_OBJC_WEAK = YES;
				CLANG_WARN_BLOCK_CAPTURE_AUTORELEASING = YES;
				CLANG_WARN_BOOL_CONVERSION = YES;
				CLANG_WARN_COMMA = YES;
				CLANG_WARN_CONSTANT_CONVERSION = YES;
				CLANG_WARN_DEPRECATED_OBJC_IMPLEMENTATIONS = YES;
				CLANG_WARN_DIRECT_OBJC_ISA_USAGE = YES_ERROR;
				CLANG_WARN_DOCUMENTATION_COMMENTS = YES;
				CLANG_WARN_EMPTY_BODY = YES;
				CLANG_WARN_ENUM_CONVERSION = YES;
				CLANG_WARN_INFINITE_RECURSION = YES;
				CLANG_WARN_INT_CONVERSION = YES;
				CLANG_WARN_NON_LITERAL_NULL_CONVERSION = YES;
				CLANG_WARN_OBJC_IMPLICIT_RETAIN_SELF = YES;
				CLANG_WARN_OBJC_LITERAL_CONVERSION = YES;
				CLANG_WARN_OBJC_ROOT_CLASS = YES_ERROR;
				CLANG_WARN_QUOTED_INCLUDE_IN_FRAMEWORK_HEADER = YES;
				CLANG_WARN_RANGE_LOOP_ANALYSIS = YES;
				CLANG_WARN_STRICT_PROTOTYPES = YES;
				CLANG_WARN_SUSPICIOUS_MOVE = YES;
				CLANG_WARN_UNGUARDED_AVAILABILITY = YES_AGGRESSIVE;
				CLANG_WARN_UNREACHABLE_CODE = YES;
				CLANG_WARN__DUPLICATE_METHOD_MATCH = YES;
				COPY_PHASE_STRIP = NO;
				DEBUG_INFORMATION_FORMAT = "dwarf-with-dsym";
				ENABLE_NS_ASSERTIONS = NO;
				ENABLE_STRICT_OBJC_MSGSEND = YES;
				GCC_C_LANGUAGE_STANDARD = gnu11;
				GCC_NO_COMMON_BLOCKS = YES;
				GCC_WARN_64_TO_32_BIT_CONVERSION = YES;
				GCC_WARN_ABOUT_RETURN_TYPE = YES_ERROR;
				GCC_WARN_UNDECLARED_SELECTOR = YES;
				GCC_WARN_UNINITIALIZED_AUTOS = YES_AGGRESSIVE;
				GCC_WARN_UNUSED_FUNCTION = YES;
				GCC_WARN_UNUSED_VARIABLE = YES;
				IPHONEOS_DEPLOYMENT_TARGET = 16.2;
				MTL_ENABLE_DEBUG_INFO = NO;
				MTL_FAST_MATH = YES;
				SDKROOT = iphoneos;
				SWIFT_COMPILATION_MODE = wholemodule;
				SWIFT_OPTIMIZATION_LEVEL = "-O";
				VALIDATE_PRODUCT = YES;
			};
			name = Release;
		};
		12B46D632AC462B300A61184 /* Debug */ = {
			isa = XCBuildConfiguration;
			buildSettings = {
				ASSETCATALOG_COMPILER_APPICON_NAME = AppIcon;
				ASSETCATALOG_COMPILER_GLOBAL_ACCENT_COLOR_NAME = AccentColor;
				CODE_SIGN_STYLE = Automatic;
				CURRENT_PROJECT_VERSION = 1;
				DEVELOPMENT_TEAM = CG2DGVAM4V;
				GENERATE_INFOPLIST_FILE = YES;
				INFOPLIST_FILE = "Bir Esnaf/Info.plist";
				INFOPLIST_KEY_UIApplicationSupportsIndirectInputEvents = YES;
				INFOPLIST_KEY_UILaunchStoryboardName = LaunchScreen;
				INFOPLIST_KEY_UIMainStoryboardFile = Main;
				INFOPLIST_KEY_UISupportedInterfaceOrientations_iPad = "UIInterfaceOrientationPortrait UIInterfaceOrientationPortraitUpsideDown UIInterfaceOrientationLandscapeLeft UIInterfaceOrientationLandscapeRight";
				INFOPLIST_KEY_UISupportedInterfaceOrientations_iPhone = "UIInterfaceOrientationPortrait UIInterfaceOrientationLandscapeLeft UIInterfaceOrientationLandscapeRight";
				LD_RUNPATH_SEARCH_PATHS = (
					"$(inherited)",
					"@executable_path/Frameworks",
				);
				MARKETING_VERSION = 1.0;
				PRODUCT_BUNDLE_IDENTIFIER = "com.seymarslan.Bir-Esnaf";
				PRODUCT_NAME = "$(TARGET_NAME)";
				SWIFT_EMIT_LOC_STRINGS = YES;
				SWIFT_VERSION = 5.0;
				TARGETED_DEVICE_FAMILY = "1,2";
			};
			name = Debug;
		};
		12B46D642AC462B300A61184 /* Release */ = {
			isa = XCBuildConfiguration;
			buildSettings = {
				ASSETCATALOG_COMPILER_APPICON_NAME = AppIcon;
				ASSETCATALOG_COMPILER_GLOBAL_ACCENT_COLOR_NAME = AccentColor;
				CODE_SIGN_STYLE = Automatic;
				CURRENT_PROJECT_VERSION = 1;
				DEVELOPMENT_TEAM = CG2DGVAM4V;
				GENERATE_INFOPLIST_FILE = YES;
				INFOPLIST_FILE = "Bir Esnaf/Info.plist";
				INFOPLIST_KEY_UIApplicationSupportsIndirectInputEvents = YES;
				INFOPLIST_KEY_UILaunchStoryboardName = LaunchScreen;
				INFOPLIST_KEY_UIMainStoryboardFile = Main;
				INFOPLIST_KEY_UISupportedInterfaceOrientations_iPad = "UIInterfaceOrientationPortrait UIInterfaceOrientationPortraitUpsideDown UIInterfaceOrientationLandscapeLeft UIInterfaceOrientationLandscapeRight";
				INFOPLIST_KEY_UISupportedInterfaceOrientations_iPhone = "UIInterfaceOrientationPortrait UIInterfaceOrientationLandscapeLeft UIInterfaceOrientationLandscapeRight";
				LD_RUNPATH_SEARCH_PATHS = (
					"$(inherited)",
					"@executable_path/Frameworks",
				);
				MARKETING_VERSION = 1.0;
				PRODUCT_BUNDLE_IDENTIFIER = "com.seymarslan.Bir-Esnaf";
				PRODUCT_NAME = "$(TARGET_NAME)";
				SWIFT_EMIT_LOC_STRINGS = YES;
				SWIFT_VERSION = 5.0;
				TARGETED_DEVICE_FAMILY = "1,2";
			};
			name = Release;
		};
		12B46D662AC462B300A61184 /* Debug */ = {
			isa = XCBuildConfiguration;
			buildSettings = {
				ALWAYS_EMBED_SWIFT_STANDARD_LIBRARIES = YES;
				BUNDLE_LOADER = "$(TEST_HOST)";
				CODE_SIGN_STYLE = Automatic;
				CURRENT_PROJECT_VERSION = 1;
				DEVELOPMENT_TEAM = CG2DGVAM4V;
				GENERATE_INFOPLIST_FILE = YES;
				IPHONEOS_DEPLOYMENT_TARGET = 16.2;
				MARKETING_VERSION = 1.0;
				PRODUCT_BUNDLE_IDENTIFIER = "com.seymarslan.Bir-EsnafTests";
				PRODUCT_NAME = "$(TARGET_NAME)";
				SWIFT_EMIT_LOC_STRINGS = NO;
				SWIFT_VERSION = 5.0;
				TARGETED_DEVICE_FAMILY = "1,2";
				TEST_HOST = "$(BUILT_PRODUCTS_DIR)/Bir Esnaf.app/$(BUNDLE_EXECUTABLE_FOLDER_PATH)/Bir Esnaf";
			};
			name = Debug;
		};
		12B46D672AC462B300A61184 /* Release */ = {
			isa = XCBuildConfiguration;
			buildSettings = {
				ALWAYS_EMBED_SWIFT_STANDARD_LIBRARIES = YES;
				BUNDLE_LOADER = "$(TEST_HOST)";
				CODE_SIGN_STYLE = Automatic;
				CURRENT_PROJECT_VERSION = 1;
				DEVELOPMENT_TEAM = CG2DGVAM4V;
				GENERATE_INFOPLIST_FILE = YES;
				IPHONEOS_DEPLOYMENT_TARGET = 16.2;
				MARKETING_VERSION = 1.0;
				PRODUCT_BUNDLE_IDENTIFIER = "com.seymarslan.Bir-EsnafTests";
				PRODUCT_NAME = "$(TARGET_NAME)";
				SWIFT_EMIT_LOC_STRINGS = NO;
				SWIFT_VERSION = 5.0;
				TARGETED_DEVICE_FAMILY = "1,2";
				TEST_HOST = "$(BUILT_PRODUCTS_DIR)/Bir Esnaf.app/$(BUNDLE_EXECUTABLE_FOLDER_PATH)/Bir Esnaf";
			};
			name = Release;
		};
		12B46D692AC462B300A61184 /* Debug */ = {
			isa = XCBuildConfiguration;
			buildSettings = {
				ALWAYS_EMBED_SWIFT_STANDARD_LIBRARIES = YES;
				CODE_SIGN_STYLE = Automatic;
				CURRENT_PROJECT_VERSION = 1;
				DEVELOPMENT_TEAM = CG2DGVAM4V;
				GENERATE_INFOPLIST_FILE = YES;
				MARKETING_VERSION = 1.0;
				PRODUCT_BUNDLE_IDENTIFIER = "com.seymarslan.Bir-EsnafUITests";
				PRODUCT_NAME = "$(TARGET_NAME)";
				SWIFT_EMIT_LOC_STRINGS = NO;
				SWIFT_VERSION = 5.0;
				TARGETED_DEVICE_FAMILY = "1,2";
				TEST_TARGET_NAME = "Bir Esnaf";
			};
			name = Debug;
		};
		12B46D6A2AC462B300A61184 /* Release */ = {
			isa = XCBuildConfiguration;
			buildSettings = {
				ALWAYS_EMBED_SWIFT_STANDARD_LIBRARIES = YES;
				CODE_SIGN_STYLE = Automatic;
				CURRENT_PROJECT_VERSION = 1;
				DEVELOPMENT_TEAM = CG2DGVAM4V;
				GENERATE_INFOPLIST_FILE = YES;
				MARKETING_VERSION = 1.0;
				PRODUCT_BUNDLE_IDENTIFIER = "com.seymarslan.Bir-EsnafUITests";
				PRODUCT_NAME = "$(TARGET_NAME)";
				SWIFT_EMIT_LOC_STRINGS = NO;
				SWIFT_VERSION = 5.0;
				TARGETED_DEVICE_FAMILY = "1,2";
				TEST_TARGET_NAME = "Bir Esnaf";
			};
			name = Release;
		};
/* End XCBuildConfiguration section */

/* Begin XCConfigurationList section */
		12B46D332AC462B100A61184 /* Build configuration list for PBXProject "Bir Esnaf" */ = {
			isa = XCConfigurationList;
			buildConfigurations = (
				12B46D602AC462B300A61184 /* Debug */,
				12B46D612AC462B300A61184 /* Release */,
			);
			defaultConfigurationIsVisible = 0;
			defaultConfigurationName = Release;
		};
		12B46D622AC462B300A61184 /* Build configuration list for PBXNativeTarget "Bir Esnaf" */ = {
			isa = XCConfigurationList;
			buildConfigurations = (
				12B46D632AC462B300A61184 /* Debug */,
				12B46D642AC462B300A61184 /* Release */,
			);
			defaultConfigurationIsVisible = 0;
			defaultConfigurationName = Release;
		};
		12B46D652AC462B300A61184 /* Build configuration list for PBXNativeTarget "Bir EsnafTests" */ = {
			isa = XCConfigurationList;
			buildConfigurations = (
				12B46D662AC462B300A61184 /* Debug */,
				12B46D672AC462B300A61184 /* Release */,
			);
			defaultConfigurationIsVisible = 0;
			defaultConfigurationName = Release;
		};
		12B46D682AC462B300A61184 /* Build configuration list for PBXNativeTarget "Bir EsnafUITests" */ = {
			isa = XCConfigurationList;
			buildConfigurations = (
				12B46D692AC462B300A61184 /* Debug */,
				12B46D6A2AC462B300A61184 /* Release */,
			);
			defaultConfigurationIsVisible = 0;
			defaultConfigurationName = Release;
		};
/* End XCConfigurationList section */
	};
	rootObject = 12B46D302AC462B100A61184 /* Project object */;
}
